
Microsoft Visual Studio Solution File, Format Version 12.00
# Visual Studio Version 17
VisualStudioVersion = 17.5.002.0
MinimumVisualStudioVersion = 10.0.40219.1
Project("{9A19103F-16F7-4668-BE54-9A1E7A4F7556}") = "rinha-de-compilers", "rinha-de-compilers.csproj", "{017BA7C2-F258-4FCE-B107-54FC50E9869B}"
EndProject
Global
	GlobalSection(SolutionConfigurationPlatforms) = preSolution
		Debug|Any CPU = Debug|Any CPU
		Release|Any CPU = Release|Any CPU
	EndGlobalSection
	GlobalSection(ProjectConfigurationPlatforms) = postSolution
		{017BA7C2-F258-4FCE-B107-54FC50E9869B}.Debug|Any CPU.ActiveCfg = Debug|Any CPU
		{017BA7C2-F258-4FCE-B107-54FC50E9869B}.Debug|Any CPU.Build.0 = Debug|Any CPU
		{017BA7C2-F258-4FCE-B107-54FC50E9869B}.Release|Any CPU.ActiveCfg = Release|Any CPU
		{017BA7C2-F258-4FCE-B107-54FC50E9869B}.Release|Any CPU.Build.0 = Release|Any CPU
	EndGlobalSection
	GlobalSection(SolutionProperties) = preSolution
		HideSolutionNode = FALSE
	EndGlobalSection
	GlobalSection(ExtensibilityGlobals) = postSolution
		SolutionGuid = {26F0F685-9A47-43CA-83C7-33182D87DE6B}
	EndGlobalSection
EndGlobal
